
Microsoft Visual Studio Solution File, Format Version 12.00
# Visual Studio Version 16
VisualStudioVersion = 16.0.29123.88
MinimumVisualStudioVersion = 10.0.40219.1
Project("{FAE04EC0-301F-11D3-BF4B-00C04F79EFBC}") = "TesteC-Sharp", "TesteC-Sharp\TesteC-Sharp.csproj", "{E346DFFE-E0D7-4B8B-BDEA-820728EB57D3}"
EndProject
Global
	GlobalSection(SolutionConfigurationPlatforms) = preSolution
		Debug|Any CPU = Debug|Any CPU
		Release|Any CPU = Release|Any CPU
	EndGlobalSection
	GlobalSection(ProjectConfigurationPlatforms) = postSolution
		{E346DFFE-E0D7-4B8B-BDEA-820728EB57D3}.Debug|Any CPU.ActiveCfg = Debug|Any CPU
		{E346DFFE-E0D7-4B8B-BDEA-820728EB57D3}.Debug|Any CPU.Build.0 = Debug|Any CPU
		{E346DFFE-E0D7-4B8B-BDEA-820728EB57D3}.Release|Any CPU.ActiveCfg = Release|Any CPU
		{E346DFFE-E0D7-4B8B-BDEA-820728EB57D3}.Release|Any CPU.Build.0 = Release|Any CPU
	EndGlobalSection
	GlobalSection(SolutionProperties) = preSolution
		HideSolutionNode = FALSE
	EndGlobalSection
	GlobalSection(ExtensibilityGlobals) = postSolution
		SolutionGuid = {25821055-EDFE-4554-96B3-3B9E4EC4981A}
	EndGlobalSection
EndGlobal
